{
  "requires": true,
  "lockfileVersion": 1,
  "dependencies": {
    "@syncfusion/ej2-base": {
      "version": "19.3.53",
      "resolved": "https://registry.npmjs.org/@syncfusion/ej2-base/-/ej2-base-19.3.53.tgz",
      "integrity": "sha512-akkYwzvQ7MLaupIyqs79QCZnujb0zoSqOYMSZtpaqzEi1JEhPWNbBCXAs+9cTe04JPMRGl8a0RIKKDBPtrq3pA==",
      "requires": {
        "@syncfusion/ej2-icons": "~19.3.53"
      }
    },
    "@syncfusion/ej2-buttons": {
      "version": "19.3.53",
      "resolved": "https://registry.npmjs.org/@syncfusion/ej2-buttons/-/ej2-buttons-19.3.53.tgz",
      "integrity": "sha512-abWqinbJL7nftz6alzvvyQRH/LOM6rDUwQ9ZY9CnPga6OkKfe57XGwt1rn6F/LsjgtLVxmykIPSdKlJBe8Q/vQ==",
      "requires": {
        "@syncfusion/ej2-base": "~19.3.53"
      }
    },
    "@syncfusion/ej2-calendars": {
      "version": "19.3.53",
      "resolved": "https://registry.npmjs.org/@syncfusion/ej2-calendars/-/ej2-calendars-19.3.53.tgz",
      "integrity": "sha512-VYmxjEcSf4I3T7dKZKMBKwjHy2Gh3fY9j84ltMCPTbuCvaj5Ulg5H4EoTC4N5gQnvoPaG9fZPwZAeJvBa3xzvg==",
      "requires": {
        "@syncfusion/ej2-base": "~19.3.53",
        "@syncfusion/ej2-buttons": "~19.3.53",
        "@syncfusion/ej2-inputs": "~19.3.53",
        "@syncfusion/ej2-lists": "~19.3.53",
        "@syncfusion/ej2-popups": "~19.3.53"
      }
    },
    "@syncfusion/ej2-compression": {
      "version": "19.3.53",
      "resolved": "https://registry.npmjs.org/@syncfusion/ej2-compression/-/ej2-compression-19.3.53.tgz",
      "integrity": "sha512-AzFdUBKpB/4I6Okn/5P1s+o+i856LYRWNyw/xWp+BUQd/1/NhcBdBVDX/F/dx06RtYm8fHNJjyZe91CkK6ROjA==",
      "requires": {
        "@syncfusion/ej2-file-utils": "~19.3.53"
      }
    },
    "@syncfusion/ej2-data": {
      "version": "19.3.53",
      "resolved": "https://registry.npmjs.org/@syncfusion/ej2-data/-/ej2-data-19.3.53.tgz",
      "integrity": "sha512-03C1XFOvLlzF/IpT2BGnbcyCQWiVGPf8jT/6XW5pTG3r6O0xQ8x6t0hHy9UblByzUMh4JeKURV8zfsFN8yjs0A==",
      "requires": {
        "@syncfusion/ej2-base": "~19.3.53"
      }
    },
    "@syncfusion/ej2-dropdowns": {
      "version": "19.3.53",
      "resolved": "https://registry.npmjs.org/@syncfusion/ej2-dropdowns/-/ej2-dropdowns-19.3.53.tgz",
      "integrity": "sha512-503CQ76dqsvIzFXKFRxZvCHN7xlW6u07IJ27IhYDB2CR6u7Ozg7d+4YkVLumTcy3DzMDaZJ1c6+/8swFE+B34A==",
      "requires": {
        "@syncfusion/ej2-base": "~19.3.53",
        "@syncfusion/ej2-data": "~19.3.53",
        "@syncfusion/ej2-inputs": "~19.3.53",
        "@syncfusion/ej2-lists": "~19.3.53",
        "@syncfusion/ej2-navigations": "~19.3.53",
        "@syncfusion/ej2-popups": "~19.3.53"
      }
    },
    "@syncfusion/ej2-excel-export": {
      "version": "19.3.53",
      "resolved": "https://registry.npmjs.org/@syncfusion/ej2-excel-export/-/ej2-excel-export-19.3.53.tgz",
      "integrity": "sha512-8E8ORUkX3fNq7e75mnkVdCwyPVg1uvIWYRhLfF9BDPNVf7UsdVAIrI4vNDEREqj/r6itJdU/zBW//on7oIxv1w==",
      "requires": {
        "@syncfusion/ej2-base": "~19.3.53",
        "@syncfusion/ej2-compression": "~19.3.53"
      }
    },
    "@syncfusion/ej2-file-utils": {
      "version": "19.3.53",
      "resolved": "https://registry.npmjs.org/@syncfusion/ej2-file-utils/-/ej2-file-utils-19.3.53.tgz",
      "integrity": "sha512-s9Ool8eU913pQWt4GKEEYEgkKZDJqTpbWo6vfXNE+3GEAOO38F+MbuMfAgM6aFiJMWXWxPJO1/koQt3aF6WRZg=="
    },
    "@syncfusion/ej2-icons": {
      "version": "19.3.53",
      "resolved": "https://registry.npmjs.org/@syncfusion/ej2-icons/-/ej2-icons-19.3.53.tgz",
      "integrity": "sha512-W4+JkzTurFcpCfrgdD/0uDX4LQ/OSez/Kx5qm0ZGaWHBCWdUy9+qvBeZGpl8Yv+iuvOvuVpdqilpZ/RoCSnWvQ=="
    },
    "@syncfusion/ej2-inputs": {
      "version": "19.3.53",
      "resolved": "https://registry.npmjs.org/@syncfusion/ej2-inputs/-/ej2-inputs-19.3.53.tgz",
      "integrity": "sha512-6PhMb9k8qN3cv4mNM8dZSUYz3tGyLtv4CJ35ycgzxt9dGdjowf50Vy/UYS6aswK6IcJ0RpNqUd93vPboyrdYMA==",
      "requires": {
        "@syncfusion/ej2-base": "~19.3.53",
        "@syncfusion/ej2-buttons": "~19.3.53",
        "@syncfusion/ej2-popups": "~19.3.53",
        "@syncfusion/ej2-splitbuttons": "~19.3.53"
      }
    },
    "@syncfusion/ej2-lists": {
      "version": "19.3.53",
      "resolved": "https://registry.npmjs.org/@syncfusion/ej2-lists/-/ej2-lists-19.3.53.tgz",
      "integrity": "sha512-iq/M/nMhKxWUBkNHddkubA+v+19vn1bGb2xEAawPn5zFbfeqGsm+eMa5+5UF73Q6VSxs6M1UJcq3TmIpMFRtVw==",
      "requires": {
        "@syncfusion/ej2-base": "~19.3.53",
        "@syncfusion/ej2-buttons": "~19.3.53",
        "@syncfusion/ej2-data": "~19.3.53"
      }
    },
    "@syncfusion/ej2-navigations": {
      "version": "19.3.53",
      "resolved": "https://registry.npmjs.org/@syncfusion/ej2-navigations/-/ej2-navigations-19.3.53.tgz",
      "integrity": "sha512-jv2J/zt9HlaT0jrNqLryKGNZ4qP9KH7BT+0nwBY/IpucxVNIQ9gUsVJJXC/tA8FVEp5UFrSr4c69BYBETFEeRg==",
      "requires": {
        "@syncfusion/ej2-base": "~19.3.53",
        "@syncfusion/ej2-buttons": "~19.3.53",
        "@syncfusion/ej2-data": "~19.3.53",
        "@syncfusion/ej2-inputs": "~19.3.53",
        "@syncfusion/ej2-lists": "~19.3.53",
        "@syncfusion/ej2-popups": "~19.3.53"
      }
    },
    "@syncfusion/ej2-popups": {
      "version": "19.3.53",
      "resolved": "https://registry.npmjs.org/@syncfusion/ej2-popups/-/ej2-popups-19.3.53.tgz",
      "integrity": "sha512-gNy770FdSnmAr2PXbBvAfuz6gFNEq5DWWu+pa3ZW+6GH+VQKorXwCyLQoESrUIpWnwibMIg8fkOTGe/Avzl7Sg==",
      "requires": {
        "@syncfusion/ej2-base": "~19.3.53",
        "@syncfusion/ej2-buttons": "~19.3.53"
      }
    },
    "@syncfusion/ej2-react-base": {
      "version": "19.3.53",
      "resolved": "https://registry.npmjs.org/@syncfusion/ej2-react-base/-/ej2-react-base-19.3.53.tgz",
      "integrity": "sha512-q6Sgnr9NG+6UQEJZUuFNfYLCbSsTde0Ohe0BUuMWJs8DxUHdY3h13wrx0E4Cx3lo5PotAr8UaRXcSxkL9k6ffg==",
      "requires": {
        "@syncfusion/ej2-base": "~19.3.53"
      }
    },
    "@syncfusion/ej2-react-schedule": {
      "version": "19.3.53",
      "resolved": "https://registry.npmjs.org/@syncfusion/ej2-react-schedule/-/ej2-react-schedule-19.3.53.tgz",
      "integrity": "sha512-kTgRepvCftEaPhKHuG09G+paoSUFMmttzXIDlGKlufillUy01OqSqzAAEAeZdaSY2bN2Af/krH5Xh3Mb5NLeIw==",
      "requires": {
        "@syncfusion/ej2-base": "~19.3.53",
        "@syncfusion/ej2-react-base": "~19.3.53",
        "@syncfusion/ej2-schedule": "19.3.53"
      }
    },
    "@syncfusion/ej2-schedule": {
      "version": "19.3.53",
      "resolved": "https://registry.npmjs.org/@syncfusion/ej2-schedule/-/ej2-schedule-19.3.53.tgz",
      "integrity": "sha512-BsYA5Luz/3Tw9qxZ43lx9rR+LnbLOoWDGGbcrs1q1B/ecvEMaTqfOBxRxoJ8Bol/nDtVfjXtXRVWsCb9j5ZHjg==",
      "requires": {
        "@syncfusion/ej2-base": "~19.3.53",
        "@syncfusion/ej2-buttons": "~19.3.53",
        "@syncfusion/ej2-calendars": "~19.3.53",
        "@syncfusion/ej2-data": "~19.3.53",
        "@syncfusion/ej2-dropdowns": "~19.3.53",
        "@syncfusion/ej2-excel-export": "~19.3.53",
        "@syncfusion/ej2-inputs": "~19.3.53",
        "@syncfusion/ej2-lists": "~19.3.53",
        "@syncfusion/ej2-navigations": "~19.3.53",
        "@syncfusion/ej2-popups": "~19.3.53"
      }
    },
    "@syncfusion/ej2-splitbuttons": {
      "version": "19.3.53",
      "resolved": "https://registry.npmjs.org/@syncfusion/ej2-splitbuttons/-/ej2-splitbuttons-19.3.53.tgz",
      "integrity": "sha512-HOFBRW6M1PN83fAEZz8r/YahDntvssKfdk2nWRI6iqgwhjicmWLw1ihMSOyAvMZGrQf56hmBVAWUL/XKuK+lkA==",
      "requires": {
        "@syncfusion/ej2-base": "~19.3.53",
        "@syncfusion/ej2-popups": "~19.3.53"
      }
    }
  }
}
